
Microsoft Visual Studio Solution File, Format Version 12.00
# Visual Studio Version 17
VisualStudioVersion = 17.5.33414.496
MinimumVisualStudioVersion = 10.0.40219.1
Project("{FAE04EC0-301F-11D3-BF4B-00C04F79EFBC}") = "StarWarsEF", "StarWarsEF\StarWarsEF.csproj", "{F1285DE7-A331-46CE-98A2-715106C8AD56}"
EndProject
Global
	GlobalSection(SolutionConfigurationPlatforms) = preSolution
		Debug|Any CPU = Debug|Any CPU
		Release|Any CPU = Release|Any CPU
	EndGlobalSection
	GlobalSection(ProjectConfigurationPlatforms) = postSolution
		{F1285DE7-A331-46CE-98A2-715106C8AD56}.Debug|Any CPU.ActiveCfg = Debug|Any CPU
		{F1285DE7-A331-46CE-98A2-715106C8AD56}.Debug|Any CPU.Build.0 = Debug|Any CPU
		{F1285DE7-A331-46CE-98A2-715106C8AD56}.Release|Any CPU.ActiveCfg = Release|Any CPU
		{F1285DE7-A331-46CE-98A2-715106C8AD56}.Release|Any CPU.Build.0 = Release|Any CPU
	EndGlobalSection
	GlobalSection(SolutionProperties) = preSolution
		HideSolutionNode = FALSE
	EndGlobalSection
	GlobalSection(ExtensibilityGlobals) = postSolution
		SolutionGuid = {CB6F0E38-ADD8-4723-ADC6-56AE5880921A}
	EndGlobalSection
EndGlobal
